
Microsoft Visual Studio Solution File, Format Version 12.00
# Visual Studio Version 17
VisualStudioVersion = 17.9.34728.123
MinimumVisualStudioVersion = 10.0.40219.1
Project("{FAE04EC0-301F-11D3-BF4B-00C04F79EFBC}") = "AplicacionWEB-EEST1", "AplicacionWEB-EEST1\AplicacionWEB-EEST1.csproj", "{35DC90C5-5C7B-4DF9-B3C8-0037DD606464}"
EndProject
Global
	GlobalSection(SolutionConfigurationPlatforms) = preSolution
		Debug|Any CPU = Debug|Any CPU
		Release|Any CPU = Release|Any CPU
	EndGlobalSection
	GlobalSection(ProjectConfigurationPlatforms) = postSolution
		{35DC90C5-5C7B-4DF9-B3C8-0037DD606464}.Debug|Any CPU.ActiveCfg = Debug|Any CPU
		{35DC90C5-5C7B-4DF9-B3C8-0037DD606464}.Debug|Any CPU.Build.0 = Debug|Any CPU
		{35DC90C5-5C7B-4DF9-B3C8-0037DD606464}.Release|Any CPU.ActiveCfg = Release|Any CPU
		{35DC90C5-5C7B-4DF9-B3C8-0037DD606464}.Release|Any CPU.Build.0 = Release|Any CPU
	EndGlobalSection
	GlobalSection(SolutionProperties) = preSolution
		HideSolutionNode = FALSE
	EndGlobalSection
	GlobalSection(ExtensibilityGlobals) = postSolution
		SolutionGuid = {52A73568-4E5D-49BB-ABC4-E96EE917A216}
	EndGlobalSection
EndGlobal
